
Microsoft Visual Studio Solution File, Format Version 12.00
# Visual Studio 15
Project("{FAE04EC0-301F-11D3-BF4B-00C04F79EFBC}") = "PracticeApp", "PracticeApp\PracticeApp.csproj", "{4F3A399E-1F7B-4ECC-A603-7D9BFF584739}"
EndProject
Global
	GlobalSection(SolutionConfigurationPlatforms) = preSolution
		Debug|Any CPU = Debug|Any CPU
		Release|Any CPU = Release|Any CPU
	EndGlobalSection
	GlobalSection(ProjectConfigurationPlatforms) = postSolution
		{4F3A399E-1F7B-4ECC-A603-7D9BFF584739}.Debug|Any CPU.ActiveCfg = Debug|Any CPU
		{4F3A399E-1F7B-4ECC-A603-7D9BFF584739}.Debug|Any CPU.Build.0 = Debug|Any CPU
		{4F3A399E-1F7B-4ECC-A603-7D9BFF584739}.Release|Any CPU.ActiveCfg = Release|Any CPU
		{4F3A399E-1F7B-4ECC-A603-7D9BFF584739}.Release|Any CPU.Build.0 = Release|Any CPU
	EndGlobalSection
EndGlobal
